
Microsoft Visual Studio Solution File, Format Version 12.00
# Visual Studio Version 16
VisualStudioVersion = 16.0.32901.82
MinimumVisualStudioVersion = 10.0.40219.1
Project("{FAE04EC0-301F-11D3-BF4B-00C04F79EFBC}") = "Knjiznica", "Knjiznica.csproj", "{1C7D572E-E3F0-4E75-B73D-031D71BBDE29}"
EndProject
Global
	GlobalSection(SolutionConfigurationPlatforms) = preSolution
		Debug|Any CPU = Debug|Any CPU
		Release|Any CPU = Release|Any CPU
	EndGlobalSection
	GlobalSection(ProjectConfigurationPlatforms) = postSolution
		{1C7D572E-E3F0-4E75-B73D-031D71BBDE29}.Debug|Any CPU.ActiveCfg = Debug|Any CPU
		{1C7D572E-E3F0-4E75-B73D-031D71BBDE29}.Debug|Any CPU.Build.0 = Debug|Any CPU
		{1C7D572E-E3F0-4E75-B73D-031D71BBDE29}.Release|Any CPU.ActiveCfg = Release|Any CPU
		{1C7D572E-E3F0-4E75-B73D-031D71BBDE29}.Release|Any CPU.Build.0 = Release|Any CPU
	EndGlobalSection
	GlobalSection(SolutionProperties) = preSolution
		HideSolutionNode = FALSE
	EndGlobalSection
	GlobalSection(ExtensibilityGlobals) = postSolution
		SolutionGuid = {A66BBABB-E498-47AB-B184-B6A6D1514E3E}
	EndGlobalSection
EndGlobal
